
Microsoft Visual Studio Solution File, Format Version 12.00
# Visual Studio 15
VisualStudioVersion = 15.0.27130.2026
MinimumVisualStudioVersion = 10.0.40219.1
Project("{FAE04EC0-301F-11D3-BF4B-00C04F79EFBC}") = "SS.Mail", "SS.Mail.csproj", "{4DB8EBC6-2333-49C8-AB7D-AA505B78276F}"
EndProject
Global
	GlobalSection(SolutionConfigurationPlatforms) = preSolution
		Debug|Any CPU = Debug|Any CPU
		Release|Any CPU = Release|Any CPU
	EndGlobalSection
	GlobalSection(ProjectConfigurationPlatforms) = postSolution
		{4DB8EBC6-2333-49C8-AB7D-AA505B78276F}.Debug|Any CPU.ActiveCfg = Debug|Any CPU
		{4DB8EBC6-2333-49C8-AB7D-AA505B78276F}.Debug|Any CPU.Build.0 = Debug|Any CPU
		{4DB8EBC6-2333-49C8-AB7D-AA505B78276F}.Release|Any CPU.ActiveCfg = Release|Any CPU
		{4DB8EBC6-2333-49C8-AB7D-AA505B78276F}.Release|Any CPU.Build.0 = Release|Any CPU
	EndGlobalSection
	GlobalSection(SolutionProperties) = preSolution
		HideSolutionNode = FALSE
	EndGlobalSection
	GlobalSection(ExtensibilityGlobals) = postSolution
		SolutionGuid = {A1EBBB13-B891-4373-95B8-40602C481539}
	EndGlobalSection
EndGlobal
